
Microsoft Visual Studio Solution File, Format Version 12.00
# Visual Studio Version 16
VisualStudioVersion = 16.0.30413.136
MinimumVisualStudioVersion = 10.0.40219.1
Project("{FAE04EC0-301F-11D3-BF4B-00C04F79EFBC}") = "AdivinaElNumeroConRandom", "AdivinaElNumeroConRandom\AdivinaElNumeroConRandom.csproj", "{9F194776-B660-404A-867E-7101F75EA511}"
EndProject
Global
	GlobalSection(SolutionConfigurationPlatforms) = preSolution
		Debug|Any CPU = Debug|Any CPU
		Release|Any CPU = Release|Any CPU
	EndGlobalSection
	GlobalSection(ProjectConfigurationPlatforms) = postSolution
		{9F194776-B660-404A-867E-7101F75EA511}.Debug|Any CPU.ActiveCfg = Debug|Any CPU
		{9F194776-B660-404A-867E-7101F75EA511}.Debug|Any CPU.Build.0 = Debug|Any CPU
		{9F194776-B660-404A-867E-7101F75EA511}.Release|Any CPU.ActiveCfg = Release|Any CPU
		{9F194776-B660-404A-867E-7101F75EA511}.Release|Any CPU.Build.0 = Release|Any CPU
	EndGlobalSection
	GlobalSection(SolutionProperties) = preSolution
		HideSolutionNode = FALSE
	EndGlobalSection
	GlobalSection(ExtensibilityGlobals) = postSolution
		SolutionGuid = {70FD4422-700C-490A-BBDF-8367C06A4A8C}
	EndGlobalSection
EndGlobal
